
Microsoft Visual Studio Solution File, Format Version 12.00
# Visual Studio Version 17
VisualStudioVersion = 17.14.36121.58
MinimumVisualStudioVersion = 10.0.40219.1
Project("{FAE04EC0-301F-11D3-BF4B-00C04F79EFBC}") = "ClassCompassApi", "ClassCompassApi.csproj", "{08A712B4-577E-4B28-91C3-3DA3CEAEB7D6}"
EndProject
Project("{FAE04EC0-301F-11D3-BF4B-00C04F79EFBC}") = "ClassCompass.Shared", "..\ClassCompass.Shared\ClassCompass.Shared.csproj", "{20887352-21CC-B5E9-D089-6D766876E7B0}"
EndProject
Global
	GlobalSection(SolutionConfigurationPlatforms) = preSolution
		Debug|Any CPU = Debug|Any CPU
		Release|Any CPU = Release|Any CPU
	EndGlobalSection
	GlobalSection(ProjectConfigurationPlatforms) = postSolution
		{08A712B4-577E-4B28-91C3-3DA3CEAEB7D6}.Debug|Any CPU.ActiveCfg = Debug|Any CPU
		{08A712B4-577E-4B28-91C3-3DA3CEAEB7D6}.Debug|Any CPU.Build.0 = Debug|Any CPU
		{08A712B4-577E-4B28-91C3-3DA3CEAEB7D6}.Release|Any CPU.ActiveCfg = Release|Any CPU
		{08A712B4-577E-4B28-91C3-3DA3CEAEB7D6}.Release|Any CPU.Build.0 = Release|Any CPU
		{20887352-21CC-B5E9-D089-6D766876E7B0}.Debug|Any CPU.ActiveCfg = Debug|Any CPU
		{20887352-21CC-B5E9-D089-6D766876E7B0}.Debug|Any CPU.Build.0 = Debug|Any CPU
		{20887352-21CC-B5E9-D089-6D766876E7B0}.Release|Any CPU.ActiveCfg = Release|Any CPU
		{20887352-21CC-B5E9-D089-6D766876E7B0}.Release|Any CPU.Build.0 = Release|Any CPU
	EndGlobalSection
	GlobalSection(SolutionProperties) = preSolution
		HideSolutionNode = FALSE
	EndGlobalSection
	GlobalSection(ExtensibilityGlobals) = postSolution
		SolutionGuid = {63359D8D-0A62-4A86-BB5E-6030ABC4FECE}
	EndGlobalSection
EndGlobal
